// !$*UTF8*$!
{
	archiveVersion = 1;
	classes = {
	};
	objectVersion = 46;
	objects = {

/* Begin PBXBuildFile section */
		8307749A1D9DB03F00C90A24 /* ViewControllerMap.swift in Sources */ = {isa = PBXBuildFile; fileRef = 830774991D9DB03F00C90A24 /* ViewControllerMap.swift */; };
		8334C1F21D9C604200264F8F /* AppDelegate.swift in Sources */ = {isa = PBXBuildFile; fileRef = 8334C1F11D9C604200264F8F /* AppDelegate.swift */; };
		8334C1F41D9C604200264F8F /* ViewController.swift in Sources */ = {isa = PBXBuildFile; fileRef = 8334C1F31D9C604200264F8F /* ViewController.swift */; };
		8334C1F71D9C604200264F8F /* Main.storyboard in Resources */ = {isa = PBXBuildFile; fileRef = 8334C1F51D9C604200264F8F /* Main.storyboard */; };
		8334C1FA1D9C604200264F8F /* appTampico.xcdatamodeld in Sources */ = {isa = PBXBuildFile; fileRef = 8334C1F81D9C604200264F8F /* appTampico.xcdatamodeld */; };
		8334C1FC1D9C604200264F8F /* Assets.xcassets in Resources */ = {isa = PBXBuildFile; fileRef = 8334C1FB1D9C604200264F8F /* Assets.xcassets */; };
		8334C1FF1D9C604200264F8F /* LaunchScreen.storyboard in Resources */ = {isa = PBXBuildFile; fileRef = 8334C1FD1D9C604200264F8F /* LaunchScreen.storyboard */; };
		8334C20A1D9C604200264F8F /* appTampicoTests.swift in Sources */ = {isa = PBXBuildFile; fileRef = 8334C2091D9C604200264F8F /* appTampicoTests.swift */; };
		8334C2151D9C604300264F8F /* appTampicoUITests.swift in Sources */ = {isa = PBXBuildFile; fileRef = 8334C2141D9C604300264F8F /* appTampicoUITests.swift */; };
		8334C22B1D9C685100264F8F /* MenuCellController.swift in Sources */ = {isa = PBXBuildFile; fileRef = 8334C22A1D9C685100264F8F /* MenuCellController.swift */; };
		8334C22F1D9C6C0F00264F8F /* maps.png in Resources */ = {isa = PBXBuildFile; fileRef = 8334C22D1D9C6C0F00264F8F /* maps.png */; };
		8334C2301D9C6C0F00264F8F /* qr.png in Resources */ = {isa = PBXBuildFile; fileRef = 8334C22E1D9C6C0F00264F8F /* qr.png */; };
		8334C2321D9C6FEB00264F8F /* MapCellController.swift in Sources */ = {isa = PBXBuildFile; fileRef = 8334C2311D9C6FEB00264F8F /* MapCellController.swift */; };
		8360A8DE1D9E9DDB0096914C /* MapaViewController.swift in Sources */ = {isa = PBXBuildFile; fileRef = 8360A8DD1D9E9DDB0096914C /* MapaViewController.swift */; };
		8360A8E01D9EA01B0096914C /* CoreLocation.framework in Frameworks */ = {isa = PBXBuildFile; fileRef = 8360A8DF1D9EA01B0096914C /* CoreLocation.framework */; };
		8360A8E21D9EA0210096914C /* Social.framework in Frameworks */ = {isa = PBXBuildFile; fileRef = 8360A8E11D9EA0210096914C /* Social.framework */; };
		8360A8E41D9EB1010096914C /* Map2ViewController.swift in Sources */ = {isa = PBXBuildFile; fileRef = 8360A8E31D9EB1010096914C /* Map2ViewController.swift */; };
		8360A8E71D9EBD700096914C /* fb.png in Resources */ = {isa = PBXBuildFile; fileRef = 8360A8E51D9EBD700096914C /* fb.png */; };
		8360A8E81D9EBD700096914C /* tw.png in Resources */ = {isa = PBXBuildFile; fileRef = 8360A8E61D9EBD700096914C /* tw.png */; };
		8360A8EA1D9EBE2C0096914C /* twi.png in Resources */ = {isa = PBXBuildFile; fileRef = 8360A8E91D9EBE2C0096914C /* twi.png */; };
		8360A8EE1D9EC4390096914C /* StarbucksAnnotation.swift in Sources */ = {isa = PBXBuildFile; fileRef = 8360A8ED1D9EC4390096914C /* StarbucksAnnotation.swift */; };
		8360A8F01D9ED4BB0096914C /* AnnotationView.swift in Sources */ = {isa = PBXBuildFile; fileRef = 8360A8EF1D9ED4BB0096914C /* AnnotationView.swift */; };
		8360A8F21D9ED5F00096914C /* CustomPointAnnotation.swift in Sources */ = {isa = PBXBuildFile; fileRef = 8360A8F11D9ED5F00096914C /* CustomPointAnnotation.swift */; };
		8360A8F41D9ED6B50096914C /* pin.svg in Resources */ = {isa = PBXBuildFile; fileRef = 8360A8F31D9ED6B50096914C /* pin.svg */; };
		8360A8F81D9EF0A90096914C /* QRViewController.swift in Sources */ = {isa = PBXBuildFile; fileRef = 8360A8F71D9EF0A90096914C /* QRViewController.swift */; };
/* End PBXBuildFile section */

/* Begin PBXContainerItemProxy section */
		8334C2061D9C604200264F8F /* PBXContainerItemProxy */ = {
			isa = PBXContainerItemProxy;
			containerPortal = 8334C1E61D9C604200264F8F /* Project object */;
			proxyType = 1;
			remoteGlobalIDString = 8334C1ED1D9C604200264F8F;
			remoteInfo = appTampico;
		};
		8334C2111D9C604300264F8F /* PBXContainerItemProxy */ = {
			isa = PBXContainerItemProxy;
			containerPortal = 8334C1E61D9C604200264F8F /* Project object */;
			proxyType = 1;
			remoteGlobalIDString = 8334C1ED1D9C604200264F8F;
			remoteInfo = appTampico;
		};
/* End PBXContainerItemProxy section */

/* Begin PBXFileReference section */
		830774991D9DB03F00C90A24 /* ViewControllerMap.swift */ = {isa = PBXFileReference; fileEncoding = 4; lastKnownFileType = sourcecode.swift; name = ViewControllerMap.swift; path = ../ViewControllerMap.swift; sourceTree = "<group>"; };
		8334C1EE1D9C604200264F8F /* appTampico.app */ = {isa = PBXFileReference; explicitFileType = wrapper.application; includeInIndex = 0; path = appTampico.app; sourceTree = BUILT_PRODUCTS_DIR; };
		8334C1F11D9C604200264F8F /* AppDelegate.swift */ = {isa = PBXFileReference; lastKnownFileType = sourcecode.swift; path = AppDelegate.swift; sourceTree = "<group>"; };
		8334C1F31D9C604200264F8F /* ViewController.swift */ = {isa = PBXFileReference; lastKnownFileType = sourcecode.swift; path = ViewController.swift; sourceTree = "<group>"; };
		8334C1F61D9C604200264F8F /* Base */ = {isa = PBXFileReference; lastKnownFileType = file.storyboard; name = Base; path = Base.lproj/Main.storyboard; sourceTree = "<group>"; };
		8334C1F91D9C604200264F8F /* appTampico.xcdatamodel */ = {isa = PBXFileReference; lastKnownFileType = wrapper.xcdatamodel; path = appTampico.xcdatamodel; sourceTree = "<group>"; };
		8334C1FB1D9C604200264F8F /* Assets.xcassets */ = {isa = PBXFileReference; lastKnownFileType = folder.assetcatalog; path = Assets.xcassets; sourceTree = "<group>"; };
		8334C1FE1D9C604200264F8F /* Base */ = {isa = PBXFileReference; lastKnownFileType = file.storyboard; name = Base; path = Base.lproj/LaunchScreen.storyboard; sourceTree = "<group>"; };
		8334C2001D9C604200264F8F /* Info.plist */ = {isa = PBXFileReference; lastKnownFileType = text.plist.xml; path = Info.plist; sourceTree = "<group>"; };
		8334C2051D9C604200264F8F /* appTampicoTests.xctest */ = {isa = PBXFileReference; explicitFileType = wrapper.cfbundle; includeInIndex = 0; path = appTampicoTests.xctest; sourceTree = BUILT_PRODUCTS_DIR; };
		8334C2091D9C604200264F8F /* appTampicoTests.swift */ = {isa = PBXFileReference; lastKnownFileType = sourcecode.swift; path = appTampicoTests.swift; sourceTree = "<group>"; };
		8334C20B1D9C604200264F8F /* Info.plist */ = {isa = PBXFileReference; lastKnownFileType = text.plist.xml; path = Info.plist; sourceTree = "<group>"; };
		8334C2101D9C604300264F8F /* appTampicoUITests.xctest */ = {isa = PBXFileReference; explicitFileType = wrapper.cfbundle; includeInIndex = 0; path = appTampicoUITests.xctest; sourceTree = BUILT_PRODUCTS_DIR; };
		8334C2141D9C604300264F8F /* appTampicoUITests.swift */ = {isa = PBXFileReference; lastKnownFileType = sourcecode.swift; path = appTampicoUITests.swift; sourceTree = "<group>"; };
		8334C2161D9C604300264F8F /* Info.plist */ = {isa = PBXFileReference; lastKnownFileType = text.plist.xml; path = Info.plist; sourceTree = "<group>"; };
		8334C22A1D9C685100264F8F /* MenuCellController.swift */ = {isa = PBXFileReference; fileEncoding = 4; lastKnownFileType = sourcecode.swift; path = MenuCellController.swift; sourceTree = "<group>"; };
		8334C22D1D9C6C0F00264F8F /* maps.png */ = {isa = PBXFileReference; lastKnownFileType = image.png; path = maps.png; sourceTree = "<group>"; };
		8334C22E1D9C6C0F00264F8F /* qr.png */ = {isa = PBXFileReference; lastKnownFileType = image.png; path = qr.png; sourceTree = "<group>"; };
		8334C2311D9C6FEB00264F8F /* MapCellController.swift */ = {isa = PBXFileReference; fileEncoding = 4; lastKnownFileType = sourcecode.swift; path = MapCellController.swift; sourceTree = "<group>"; };
		8360A8DD1D9E9DDB0096914C /* MapaViewController.swift */ = {isa = PBXFileReference; fileEncoding = 4; lastKnownFileType = sourcecode.swift; path = MapaViewController.swift; sourceTree = "<group>"; };
		8360A8DF1D9EA01B0096914C /* CoreLocation.framework */ = {isa = PBXFileReference; lastKnownFileType = wrapper.framework; name = CoreLocation.framework; path = System/Library/Frameworks/CoreLocation.framework; sourceTree = SDKROOT; };
		8360A8E11D9EA0210096914C /* Social.framework */ = {isa = PBXFileReference; lastKnownFileType = wrapper.framework; name = Social.framework; path = System/Library/Frameworks/Social.framework; sourceTree = SDKROOT; };
		8360A8E31D9EB1010096914C /* Map2ViewController.swift */ = {isa = PBXFileReference; fileEncoding = 4; lastKnownFileType = sourcecode.swift; path = Map2ViewController.swift; sourceTree = "<group>"; };
		8360A8E51D9EBD700096914C /* fb.png */ = {isa = PBXFileReference; lastKnownFileType = image.png; path = fb.png; sourceTree = "<group>"; };
		8360A8E61D9EBD700096914C /* tw.png */ = {isa = PBXFileReference; lastKnownFileType = image.png; path = tw.png; sourceTree = "<group>"; };
		8360A8E91D9EBE2C0096914C /* twi.png */ = {isa = PBXFileReference; lastKnownFileType = image.png; path = twi.png; sourceTree = "<group>"; };
		8360A8ED1D9EC4390096914C /* StarbucksAnnotation.swift */ = {isa = PBXFileReference; fileEncoding = 4; lastKnownFileType = sourcecode.swift; path = StarbucksAnnotation.swift; sourceTree = "<group>"; };
		8360A8EF1D9ED4BB0096914C /* AnnotationView.swift */ = {isa = PBXFileReference; fileEncoding = 4; lastKnownFileType = sourcecode.swift; path = AnnotationView.swift; sourceTree = "<group>"; };
		8360A8F11D9ED5F00096914C /* CustomPointAnnotation.swift */ = {isa = PBXFileReference; fileEncoding = 4; lastKnownFileType = sourcecode.swift; path = CustomPointAnnotation.swift; sourceTree = "<group>"; };
		8360A8F31D9ED6B50096914C /* pin.svg */ = {isa = PBXFileReference; fileEncoding = 4; lastKnownFileType = text.xml; name = pin.svg; path = ../../../pin.svg; sourceTree = "<group>"; };
		8360A8F71D9EF0A90096914C /* QRViewController.swift */ = {isa = PBXFileReference; fileEncoding = 4; lastKnownFileType = sourcecode.swift; path = QRViewController.swift; sourceTree = "<group>"; };
/* End PBXFileReference section */

/* Begin PBXFrameworksBuildPhase section */
		8334C1EB1D9C604200264F8F /* Frameworks */ = {
			isa = PBXFrameworksBuildPhase;
			buildActionMask = 2147483647;
			files = (
				8360A8E21D9EA0210096914C /* Social.framework in Frameworks */,
				8360A8E01D9EA01B0096914C /* CoreLocation.framework in Frameworks */,
			);
			runOnlyForDeploymentPostprocessing = 0;
		};
		8334C2021D9C604200264F8F /* Frameworks */ = {
			isa = PBXFrameworksBuildPhase;
			buildActionMask = 2147483647;
			files = (
			);
			runOnlyForDeploymentPostprocessing = 0;
		};
		8334C20D1D9C604300264F8F /* Frameworks */ = {
			isa = PBXFrameworksBuildPhase;
			buildActionMask = 2147483647;
			files = (
			);
			runOnlyForDeploymentPostprocessing = 0;
		};
/* End PBXFrameworksBuildPhase section */

/* Begin PBXGroup section */
		8334C1E51D9C604200264F8F = {
			isa = PBXGroup;
			children = (
				8360A8F11D9ED5F00096914C /* CustomPointAnnotation.swift */,
				8360A8EF1D9ED4BB0096914C /* AnnotationView.swift */,
				8360A8ED1D9EC4390096914C /* StarbucksAnnotation.swift */,
				8360A8E11D9EA0210096914C /* Social.framework */,
				8360A8DF1D9EA01B0096914C /* CoreLocation.framework */,
				8334C1F01D9C604200264F8F /* appTampico */,
				8334C2081D9C604200264F8F /* appTampicoTests */,
				8334C2131D9C604300264F8F /* appTampicoUITests */,
				8334C1EF1D9C604200264F8F /* Products */,
			);
			sourceTree = "<group>";
		};
		8334C1EF1D9C604200264F8F /* Products */ = {
			isa = PBXGroup;
			children = (
				8334C1EE1D9C604200264F8F /* appTampico.app */,
				8334C2051D9C604200264F8F /* appTampicoTests.xctest */,
				8334C2101D9C604300264F8F /* appTampicoUITests.xctest */,
			);
			name = Products;
			sourceTree = "<group>";
		};
		8334C1F01D9C604200264F8F /* appTampico */ = {
			isa = PBXGroup;
			children = (
				8334C22C1D9C6C0F00264F8F /* Imagenes */,
				8334C1F11D9C604200264F8F /* AppDelegate.swift */,
				8334C1F31D9C604200264F8F /* ViewController.swift */,
				830774991D9DB03F00C90A24 /* ViewControllerMap.swift */,
				8334C1F51D9C604200264F8F /* Main.storyboard */,
				8334C1FB1D9C604200264F8F /* Assets.xcassets */,
				8334C1FD1D9C604200264F8F /* LaunchScreen.storyboard */,
				8334C2001D9C604200264F8F /* Info.plist */,
				8334C1F81D9C604200264F8F /* appTampico.xcdatamodeld */,
				8334C22A1D9C685100264F8F /* MenuCellController.swift */,
				8334C2311D9C6FEB00264F8F /* MapCellController.swift */,
				8360A8DD1D9E9DDB0096914C /* MapaViewController.swift */,
				8360A8E31D9EB1010096914C /* Map2ViewController.swift */,
				8360A8F71D9EF0A90096914C /* QRViewController.swift */,
			);
			path = appTampico;
			sourceTree = "<group>";
		};
		8334C2081D9C604200264F8F /* appTampicoTests */ = {
			isa = PBXGroup;
			children = (
				8334C2091D9C604200264F8F /* appTampicoTests.swift */,
				8334C20B1D9C604200264F8F /* Info.plist */,
			);
			path = appTampicoTests;
			sourceTree = "<group>";
		};
		8334C2131D9C604300264F8F /* appTampicoUITests */ = {
			isa = PBXGroup;
			children = (
				8334C2141D9C604300264F8F /* appTampicoUITests.swift */,
				8334C2161D9C604300264F8F /* Info.plist */,
			);
			path = appTampicoUITests;
			sourceTree = "<group>";
		};
		8334C22C1D9C6C0F00264F8F /* Imagenes */ = {
			isa = PBXGroup;
			children = (
				8360A8E91D9EBE2C0096914C /* twi.png */,
				8360A8F31D9ED6B50096914C /* pin.svg */,
				8360A8E51D9EBD700096914C /* fb.png */,
				8360A8E61D9EBD700096914C /* tw.png */,
				8334C22D1D9C6C0F00264F8F /* maps.png */,
				8334C22E1D9C6C0F00264F8F /* qr.png */,
			);
			path = Imagenes;
			sourceTree = "<group>";
		};
/* End PBXGroup section */

/* Begin PBXNativeTarget section */
		8334C1ED1D9C604200264F8F /* appTampico */ = {
			isa = PBXNativeTarget;
			buildConfigurationList = 8334C2191D9C604300264F8F /* Build configuration list for PBXNativeTarget "appTampico" */;
			buildPhases = (
				8334C1EA1D9C604200264F8F /* Sources */,
				8334C1EB1D9C604200264F8F /* Frameworks */,
				8334C1EC1D9C604200264F8F /* Resources */,
			);
			buildRules = (
			);
			dependencies = (
			);
			name = appTampico;
			productName = appTampico;
			productReference = 8334C1EE1D9C604200264F8F /* appTampico.app */;
			productType = "com.apple.product-type.application";
		};
		8334C2041D9C604200264F8F /* appTampicoTests */ = {
			isa = PBXNativeTarget;
			buildConfigurationList = 8334C21C1D9C604300264F8F /* Build configuration list for PBXNativeTarget "appTampicoTests" */;
			buildPhases = (
				8334C2011D9C604200264F8F /* Sources */,
				8334C2021D9C604200264F8F /* Frameworks */,
				8334C2031D9C604200264F8F /* Resources */,
			);
			buildRules = (
			);
			dependencies = (
				8334C2071D9C604200264F8F /* PBXTargetDependency */,
			);
			name = appTampicoTests;
			productName = appTampicoTests;
			productReference = 8334C2051D9C604200264F8F /* appTampicoTests.xctest */;
			productType = "com.apple.product-type.bundle.unit-test";
		};
		8334C20F1D9C604300264F8F /* appTampicoUITests */ = {
			isa = PBXNativeTarget;
			buildConfigurationList = 8334C21F1D9C604300264F8F /* Build configuration list for PBXNativeTarget "appTampicoUITests" */;
			buildPhases = (
				8334C20C1D9C604300264F8F /* Sources */,
				8334C20D1D9C604300264F8F /* Frameworks */,
				8334C20E1D9C604300264F8F /* Resources */,
			);
			buildRules = (
			);
			dependencies = (
				8334C2121D9C604300264F8F /* PBXTargetDependency */,
			);
			name = appTampicoUITests;
			productName = appTampicoUITests;
			productReference = 8334C2101D9C604300264F8F /* appTampicoUITests.xctest */;
			productType = "com.apple.product-type.bundle.ui-testing";
		};
/* End PBXNativeTarget section */

/* Begin PBXProject section */
		8334C1E61D9C604200264F8F /* Project object */ = {
			isa = PBXProject;
			attributes = {
				LastSwiftUpdateCheck = 0720;
				LastUpgradeCheck = 0720;
				ORGANIZATIONNAME = "ITESM CAMPUS TAMPICO";
				TargetAttributes = {
					8334C1ED1D9C604200264F8F = {
						CreatedOnToolsVersion = 7.2.1;
						DevelopmentTeam = BS34284L64;
					};
					8334C2041D9C604200264F8F = {
						CreatedOnToolsVersion = 7.2.1;
						TestTargetID = 8334C1ED1D9C604200264F8F;
					};
					8334C20F1D9C604300264F8F = {
						CreatedOnToolsVersion = 7.2.1;
						TestTargetID = 8334C1ED1D9C604200264F8F;
					};
				};
			};
			buildConfigurationList = 8334C1E91D9C604200264F8F /* Build configuration list for PBXProject "appTampico" */;
			compatibilityVersion = "Xcode 3.2";
			developmentRegion = English;
			hasScannedForEncodings = 0;
			knownRegions = (
				en,
				Base,
			);
			mainGroup = 8334C1E51D9C604200264F8F;
			productRefGroup = 8334C1EF1D9C604200264F8F /* Products */;
			projectDirPath = "";
			projectRoot = "";
			targets = (
				8334C1ED1D9C604200264F8F /* appTampico */,
				8334C2041D9C604200264F8F /* appTampicoTests */,
				8334C20F1D9C604300264F8F /* appTampicoUITests */,
			);
		};
/* End PBXProject section */

/* Begin PBXResourcesBuildPhase section */
		8334C1EC1D9C604200264F8F /* Resources */ = {
			isa = PBXResourcesBuildPhase;
			buildActionMask = 2147483647;
			files = (
				8360A8F41D9ED6B50096914C /* pin.svg in Resources */,
				8334C2301D9C6C0F00264F8F /* qr.png in Resources */,
				8360A8E81D9EBD700096914C /* tw.png in Resources */,
				8334C22F1D9C6C0F00264F8F /* maps.png in Resources */,
				8334C1FF1D9C604200264F8F /* LaunchScreen.storyboard in Resources */,
				8334C1FC1D9C604200264F8F /* Assets.xcassets in Resources */,
				8334C1F71D9C604200264F8F /* Main.storyboard in Resources */,
				8360A8EA1D9EBE2C0096914C /* twi.png in Resources */,
				8360A8E71D9EBD700096914C /* fb.png in Resources */,
			);
			runOnlyForDeploymentPostprocessing = 0;
		};
		8334C2031D9C604200264F8F /* Resources */ = {
			isa = PBXResourcesBuildPhase;
			buildActionMask = 2147483647;
			files = (
			);
			runOnlyForDeploymentPostprocessing = 0;
		};
		8334C20E1D9C604300264F8F /* Resources */ = {
			isa = PBXResourcesBuildPhase;
			buildActionMask = 2147483647;
			files = (
			);
			runOnlyForDeploymentPostprocessing = 0;
		};
/* End PBXResourcesBuildPhase section */

/* Begin PBXSourcesBuildPhase section */
		8334C1EA1D9C604200264F8F /* Sources */ = {
			isa = PBXSourcesBuildPhase;
			buildActionMask = 2147483647;
			files = (
				8334C22B1D9C685100264F8F /* MenuCellController.swift in Sources */,
				8334C2321D9C6FEB00264F8F /* MapCellController.swift in Sources */,
				8360A8E41D9EB1010096914C /* Map2ViewController.swift in Sources */,
				8334C1FA1D9C604200264F8F /* appTampico.xcdatamodeld in Sources */,
				8360A8F21D9ED5F00096914C /* CustomPointAnnotation.swift in Sources */,
				8334C1F41D9C604200264F8F /* ViewController.swift in Sources */,
				8360A8DE1D9E9DDB0096914C /* MapaViewController.swift in Sources */,
				8360A8EE1D9EC4390096914C /* StarbucksAnnotation.swift in Sources */,
				8360A8F01D9ED4BB0096914C /* AnnotationView.swift in Sources */,
				8307749A1D9DB03F00C90A24 /* ViewControllerMap.swift in Sources */,
				8334C1F21D9C604200264F8F /* AppDelegate.swift in Sources */,
				8360A8F81D9EF0A90096914C /* QRViewController.swift in Sources */,
			);
			runOnlyForDeploymentPostprocessing = 0;
		};
		8334C2011D9C604200264F8F /* Sources */ = {
			isa = PBXSourcesBuildPhase;
			buildActionMask = 2147483647;
			files = (
				8334C20A1D9C604200264F8F /* appTampicoTests.swift in Sources */,
			);
			runOnlyForDeploymentPostprocessing = 0;
		};
		8334C20C1D9C604300264F8F /* Sources */ = {
			isa = PBXSourcesBuildPhase;
			buildActionMask = 2147483647;
			files = (
				8334C2151D9C604300264F8F /* appTampicoUITests.swift in Sources */,
			);
			runOnlyForDeploymentPostprocessing = 0;
		};
/* End PBXSourcesBuildPhase section */

/* Begin PBXTargetDependency section */
		8334C2071D9C604200264F8F /* PBXTargetDependency */ = {
			isa = PBXTargetDependency;
			target = 8334C1ED1D9C604200264F8F /* appTampico */;
			targetProxy = 8334C2061D9C604200264F8F /* PBXContainerItemProxy */;
		};
		8334C2121D9C604300264F8F /* PBXTargetDependency */ = {
			isa = PBXTargetDependency;
			target = 8334C1ED1D9C604200264F8F /* appTampico */;
			targetProxy = 8334C2111D9C604300264F8F /* PBXContainerItemProxy */;
		};
/* End PBXTargetDependency section */

/* Begin PBXVariantGroup section */
		8334C1F51D9C604200264F8F /* Main.storyboard */ = {
			isa = PBXVariantGroup;
			children = (
				8334C1F61D9C604200264F8F /* Base */,
			);
			name = Main.storyboard;
			sourceTree = "<group>";
		};
		8334C1FD1D9C604200264F8F /* LaunchScreen.storyboard */ = {
			isa = PBXVariantGroup;
			children = (
				8334C1FE1D9C604200264F8F /* Base */,
			);
			name = LaunchScreen.storyboard;
			sourceTree = "<group>";
		};
/* End PBXVariantGroup section */

/* Begin XCBuildConfiguration section */
		8334C2171D9C604300264F8F /* Debug */ = {
			isa = XCBuildConfiguration;
			buildSettings = {
				ALWAYS_SEARCH_USER_PATHS = NO;
				CLANG_CXX_LANGUAGE_STANDARD = "gnu++0x";
				CLANG_CXX_LIBRARY = "libc++";
				CLANG_ENABLE_MODULES = YES;
				CLANG_ENABLE_OBJC_ARC = YES;
				CLANG_WARN_BOOL_CONVERSION = YES;
				CLANG_WARN_CONSTANT_CONVERSION = YES;
				CLANG_WARN_DIRECT_OBJC_ISA_USAGE = YES_ERROR;
				CLANG_WARN_EMPTY_BODY = YES;
				CLANG_WARN_ENUM_CONVERSION = YES;
				CLANG_WARN_INT_CONVERSION = YES;
				CLANG_WARN_OBJC_ROOT_CLASS = YES_ERROR;
				CLANG_WARN_UNREACHABLE_CODE = YES;
				CLANG_WARN__DUPLICATE_METHOD_MATCH = YES;
				"CODE_SIGN_IDENTITY[sdk=iphoneos*]" = "iPhone Developer";
				COPY_PHASE_STRIP = NO;
				DEBUG_INFORMATION_FORMAT = dwarf;
				ENABLE_STRICT_OBJC_MSGSEND = YES;
				ENABLE_TESTABILITY = YES;
				GCC_C_LANGUAGE_STANDARD = gnu99;
				GCC_DYNAMIC_NO_PIC = NO;
				GCC_NO_COMMON_BLOCKS = YES;
				GCC_OPTIMIZATION_LEVEL = 0;
				GCC_PREPROCESSOR_DEFINITIONS = (
					"DEBUG=1",
					"$(inherited)",
				);
				GCC_WARN_64_TO_32_BIT_CONVERSION = YES;
				GCC_WARN_ABOUT_RETURN_TYPE = YES_ERROR;
				GCC_WARN_UNDECLARED_SELECTOR = YES;
				GCC_WARN_UNINITIALIZED_AUTOS = YES_AGGRESSIVE;
				GCC_WARN_UNUSED_FUNCTION = YES;
				GCC_WARN_UNUSED_VARIABLE = YES;
				IPHONEOS_DEPLOYMENT_TARGET = 9.2;
				MTL_ENABLE_DEBUG_INFO = YES;
				ONLY_ACTIVE_ARCH = YES;
				SDKROOT = iphoneos;
				SWIFT_OPTIMIZATION_LEVEL = "-Onone";
				TARGETED_DEVICE_FAMILY = "1,2";
			};
			name = Debug;
		};
		8334C2181D9C604300264F8F /* Release */ = {
			isa = XCBuildConfiguration;
			buildSettings = {
				ALWAYS_SEARCH_USER_PATHS = NO;
				CLANG_CXX_LANGUAGE_STANDARD = "gnu++0x";
				CLANG_CXX_LIBRARY = "libc++";
				CLANG_ENABLE_MODULES = YES;
				CLANG_ENABLE_OBJC_ARC = YES;
				CLANG_WARN_BOOL_CONVERSION = YES;
				CLANG_WARN_CONSTANT_CONVERSION = YES;
				CLANG_WARN_DIRECT_OBJC_ISA_USAGE = YES_ERROR;
				CLANG_WARN_EMPTY_BODY = YES;
				CLANG_WARN_ENUM_CONVERSION = YES;
				CLANG_WARN_INT_CONVERSION = YES;
				CLANG_WARN_OBJC_ROOT_CLASS = YES_ERROR;
				CLANG_WARN_UNREACHABLE_CODE = YES;
				CLANG_WARN__DUPLICATE_METHOD_MATCH = YES;
				"CODE_SIGN_IDENTITY[sdk=iphoneos*]" = "iPhone Developer";
				COPY_PHASE_STRIP = NO;
				DEBUG_INFORMATION_FORMAT = "dwarf-with-dsym";
				ENABLE_NS_ASSERTIONS = NO;
				ENABLE_STRICT_OBJC_MSGSEND = YES;
				GCC_C_LANGUAGE_STANDARD = gnu99;
				GCC_NO_COMMON_BLOCKS = YES;
				GCC_WARN_64_TO_32_BIT_CONVERSION = YES;
				GCC_WARN_ABOUT_RETURN_TYPE = YES_ERROR;
				GCC_WARN_UNDECLARED_SELECTOR = YES;
				GCC_WARN_UNINITIALIZED_AUTOS = YES_AGGRESSIVE;
				GCC_WARN_UNUSED_FUNCTION = YES;
				GCC_WARN_UNUSED_VARIABLE = YES;
				IPHONEOS_DEPLOYMENT_TARGET = 9.2;
				MTL_ENABLE_DEBUG_INFO = NO;
				SDKROOT = iphoneos;
				TARGETED_DEVICE_FAMILY = "1,2";
				VALIDATE_PRODUCT = YES;
			};
			name = Release;
		};
		8334C21A1D9C604300264F8F /* Debug */ = {
			isa = XCBuildConfiguration;
			buildSettings = {
				ASSETCATALOG_COMPILER_APPICON_NAME = AppIcon;
				CODE_SIGN_IDENTITY = "iPhone Developer";
				"CODE_SIGN_IDENTITY[sdk=iphoneos*]" = "iPhone Developer";
				INFOPLIST_FILE = appTampico/Info.plist;
				LD_RUNPATH_SEARCH_PATHS = "$(inherited) @executable_path/Frameworks";
				PRODUCT_BUNDLE_IDENTIFIER = com.itesm.appTampico;
				PRODUCT_NAME = "$(TARGET_NAME)";
				PROVISIONING_PROFILE = "";
			};
			name = Debug;
		};
		8334C21B1D9C604300264F8F /* Release */ = {
			isa = XCBuildConfiguration;
			buildSettings = {
				ASSETCATALOG_COMPILER_APPICON_NAME = AppIcon;
				CODE_SIGN_IDENTITY = "iPhone Developer";
				"CODE_SIGN_IDENTITY[sdk=iphoneos*]" = "iPhone Developer";
				INFOPLIST_FILE = appTampico/Info.plist;
				LD_RUNPATH_SEARCH_PATHS = "$(inherited) @executable_path/Frameworks";
				PRODUCT_BUNDLE_IDENTIFIER = com.itesm.appTampico;
				PRODUCT_NAME = "$(TARGET_NAME)";
				PROVISIONING_PROFILE = "";
			};
			name = Release;
		};
		8334C21D1D9C604300264F8F /* Debug */ = {
			isa = XCBuildConfiguration;
			buildSettings = {
				BUNDLE_LOADER = "$(TEST_HOST)";
				INFOPLIST_FILE = appTampicoTests/Info.plist;
				LD_RUNPATH_SEARCH_PATHS = "$(inherited) @executable_path/Frameworks @loader_path/Frameworks";
				PRODUCT_BUNDLE_IDENTIFIER = com.itesm.appTampicoTests;
				PRODUCT_NAME = "$(TARGET_NAME)";
				TEST_HOST = "$(BUILT_PRODUCTS_DIR)/appTampico.app/appTampico";
			};
			name = Debug;
		};
		8334C21E1D9C604300264F8F /* Release */ = {
			isa = XCBuildConfiguration;
			buildSettings = {
				BUNDLE_LOADER = "$(TEST_HOST)";
				INFOPLIST_FILE = appTampicoTests/Info.plist;
				LD_RUNPATH_SEARCH_PATHS = "$(inherited) @executable_path/Frameworks @loader_path/Frameworks";
				PRODUCT_BUNDLE_IDENTIFIER = com.itesm.appTampicoTests;
				PRODUCT_NAME = "$(TARGET_NAME)";
				TEST_HOST = "$(BUILT_PRODUCTS_DIR)/appTampico.app/appTampico";
			};
			name = Release;
		};
		8334C2201D9C604300264F8F /* Debug */ = {
			isa = XCBuildConfiguration;
			buildSettings = {
				INFOPLIST_FILE = appTampicoUITests/Info.plist;
				LD_RUNPATH_SEARCH_PATHS = "$(inherited) @executable_path/Frameworks @loader_path/Frameworks";
				PRODUCT_BUNDLE_IDENTIFIER = com.itesm.appTampicoUITests;
				PRODUCT_NAME = "$(TARGET_NAME)";
				TEST_TARGET_NAME = appTampico;
				USES_XCTRUNNER = YES;
			};
			name = Debug;
		};
		8334C2211D9C604300264F8F /* Release */ = {
			isa = XCBuildConfiguration;
			buildSettings = {
				INFOPLIST_FILE = appTampicoUITests/Info.plist;
				LD_RUNPATH_SEARCH_PATHS = "$(inherited) @executable_path/Frameworks @loader_path/Frameworks";
				PRODUCT_BUNDLE_IDENTIFIER = com.itesm.appTampicoUITests;
				PRODUCT_NAME = "$(TARGET_NAME)";
				TEST_TARGET_NAME = appTampico;
				USES_XCTRUNNER = YES;
			};
			name = Release;
		};
/* End XCBuildConfiguration section */

/* Begin XCConfigurationList section */
		8334C1E91D9C604200264F8F /* Build configuration list for PBXProject "appTampico" */ = {
			isa = XCConfigurationList;
			buildConfigurations = (
				8334C2171D9C604300264F8F /* Debug */,
				8334C2181D9C604300264F8F /* Release */,
			);
			defaultConfigurationIsVisible = 0;
			defaultConfigurationName = Release;
		};
		8334C2191D9C604300264F8F /* Build configuration list for PBXNativeTarget "appTampico" */ = {
			isa = XCConfigurationList;
			buildConfigurations = (
				8334C21A1D9C604300264F8F /* Debug */,
				8334C21B1D9C604300264F8F /* Release */,
			);
			defaultConfigurationIsVisible = 0;
			defaultConfigurationName = Release;
		};
		8334C21C1D9C604300264F8F /* Build configuration list for PBXNativeTarget "appTampicoTests" */ = {
			isa = XCConfigurationList;
			buildConfigurations = (
				8334C21D1D9C604300264F8F /* Debug */,
				8334C21E1D9C604300264F8F /* Release */,
			);
			defaultConfigurationIsVisible = 0;
			defaultConfigurationName = Release;
		};
		8334C21F1D9C604300264F8F /* Build configuration list for PBXNativeTarget "appTampicoUITests" */ = {
			isa = XCConfigurationList;
			buildConfigurations = (
				8334C2201D9C604300264F8F /* Debug */,
				8334C2211D9C604300264F8F /* Release */,
			);
			defaultConfigurationIsVisible = 0;
			defaultConfigurationName = Release;
		};
/* End XCConfigurationList section */

/* Begin XCVersionGroup section */
		8334C1F81D9C604200264F8F /* appTampico.xcdatamodeld */ = {
			isa = XCVersionGroup;
			children = (
				8334C1F91D9C604200264F8F /* appTampico.xcdatamodel */,
			);
			currentVersion = 8334C1F91D9C604200264F8F /* appTampico.xcdatamodel */;
			path = appTampico.xcdatamodeld;
			sourceTree = "<group>";
			versionGroupType = wrapper.xcdatamodel;
		};
/* End XCVersionGroup section */
	};
	rootObject = 8334C1E61D9C604200264F8F /* Project object */;
}
